
Microsoft Visual Studio Solution File, Format Version 12.00
# Visual Studio Version 17
VisualStudioVersion = 17.13.35931.197 d17.13
MinimumVisualStudioVersion = 10.0.40219.1
Project("{FAE04EC0-301F-11D3-BF4B-00C04F79EFBC}") = "BooksWebApplication", "BooksWebApplication.csproj", "{4C198CC7-4E03-420A-9F7E-39B84D80A92E}"
	ProjectSection(ProjectDependencies) = postProject
		{A44D00BC-348E-429F-AADE-8995BA417124} = {A44D00BC-348E-429F-AADE-8995BA417124}
	EndProjectSection
EndProject
Project("{FAE04EC0-301F-11D3-BF4B-00C04F79EFBC}") = "Articulum.Domain", "..\Articulum.Domain\Articulum.Domain.csproj", "{A1FE6798-A7DB-4737-A1E3-0E03C34E5987}"
EndProject
Project("{FAE04EC0-301F-11D3-BF4B-00C04F79EFBC}") = "Articulum.Application", "..\Articulum.Application\Articulum.Application.csproj", "{A44D00BC-348E-429F-AADE-8995BA417124}"
	ProjectSection(ProjectDependencies) = postProject
		{290B3C7E-9A2C-456A-BBB6-C01F2B1EAFB1} = {290B3C7E-9A2C-456A-BBB6-C01F2B1EAFB1}
		{A1FE6798-A7DB-4737-A1E3-0E03C34E5987} = {A1FE6798-A7DB-4737-A1E3-0E03C34E5987}
	EndProjectSection
EndProject
Project("{FAE04EC0-301F-11D3-BF4B-00C04F79EFBC}") = "Articulum.Infrastructure", "..\Articulum.Infrastructure\Articulum.Infrastructure.csproj", "{290B3C7E-9A2C-456A-BBB6-C01F2B1EAFB1}"
	ProjectSection(ProjectDependencies) = postProject
		{A1FE6798-A7DB-4737-A1E3-0E03C34E5987} = {A1FE6798-A7DB-4737-A1E3-0E03C34E5987}
	EndProjectSection
EndProject
Global
	GlobalSection(SolutionConfigurationPlatforms) = preSolution
		Debug|Any CPU = Debug|Any CPU
		Release|Any CPU = Release|Any CPU
	EndGlobalSection
	GlobalSection(ProjectConfigurationPlatforms) = postSolution
		{4C198CC7-4E03-420A-9F7E-39B84D80A92E}.Debug|Any CPU.ActiveCfg = Debug|Any CPU
		{4C198CC7-4E03-420A-9F7E-39B84D80A92E}.Debug|Any CPU.Build.0 = Debug|Any CPU
		{4C198CC7-4E03-420A-9F7E-39B84D80A92E}.Release|Any CPU.ActiveCfg = Release|Any CPU
		{4C198CC7-4E03-420A-9F7E-39B84D80A92E}.Release|Any CPU.Build.0 = Release|Any CPU
		{A1FE6798-A7DB-4737-A1E3-0E03C34E5987}.Debug|Any CPU.ActiveCfg = Debug|Any CPU
		{A1FE6798-A7DB-4737-A1E3-0E03C34E5987}.Debug|Any CPU.Build.0 = Debug|Any CPU
		{A1FE6798-A7DB-4737-A1E3-0E03C34E5987}.Release|Any CPU.ActiveCfg = Release|Any CPU
		{A1FE6798-A7DB-4737-A1E3-0E03C34E5987}.Release|Any CPU.Build.0 = Release|Any CPU
		{A44D00BC-348E-429F-AADE-8995BA417124}.Debug|Any CPU.ActiveCfg = Debug|Any CPU
		{A44D00BC-348E-429F-AADE-8995BA417124}.Debug|Any CPU.Build.0 = Debug|Any CPU
		{A44D00BC-348E-429F-AADE-8995BA417124}.Release|Any CPU.ActiveCfg = Release|Any CPU
		{A44D00BC-348E-429F-AADE-8995BA417124}.Release|Any CPU.Build.0 = Release|Any CPU
		{290B3C7E-9A2C-456A-BBB6-C01F2B1EAFB1}.Debug|Any CPU.ActiveCfg = Debug|Any CPU
		{290B3C7E-9A2C-456A-BBB6-C01F2B1EAFB1}.Debug|Any CPU.Build.0 = Debug|Any CPU
		{290B3C7E-9A2C-456A-BBB6-C01F2B1EAFB1}.Release|Any CPU.ActiveCfg = Release|Any CPU
		{290B3C7E-9A2C-456A-BBB6-C01F2B1EAFB1}.Release|Any CPU.Build.0 = Release|Any CPU
	EndGlobalSection
	GlobalSection(SolutionProperties) = preSolution
		HideSolutionNode = FALSE
	EndGlobalSection
	GlobalSection(ExtensibilityGlobals) = postSolution
		SolutionGuid = {27EF4374-D8FF-457B-B7BF-7805E40D108C}
	EndGlobalSection
EndGlobal
